
Microsoft Visual Studio Solution File, Format Version 12.00
# Visual Studio Version 17
VisualStudioVersion = 17.5.33516.290
MinimumVisualStudioVersion = 10.0.40219.1
Project("{2150E333-8FDC-42A3-9474-1A3956D46DE8}") = "backend", "backend", "{5BB74864-9F0A-4193-BB3C-3D9E048FBCFE}"
EndProject
Project("{2150E333-8FDC-42A3-9474-1A3956D46DE8}") = "frontend", "frontend", "{450CE392-7C9E-4FCC-A746-6F6AE17AD3AC}"
EndProject
Project("{FAE04EC0-301F-11D3-BF4B-00C04F79EFBC}") = "Kvblog.Api", "kvblog.api\Kvblog.Api.csproj", "{8C830772-A4D6-DFE1-5846-E255C982A70C}"
EndProject
Project("{FAE04EC0-301F-11D3-BF4B-00C04F79EFBC}") = "Kvblog.Api.Db", "kvblog.api.db\Kvblog.Api.Db.csproj", "{368C1947-15AB-6805-FFB8-C8B1BF3B1A90}"
EndProject
Project("{FAE04EC0-301F-11D3-BF4B-00C04F79EFBC}") = "Kvblog.Client.Razor", "kvblog.client.razor\Kvblog.Client.Razor.csproj", "{EFDBA0F3-FE4B-475F-4EE1-5F8949B04AEF}"
EndProject
Project("{2150E333-8FDC-42A3-9474-1A3956D46DE8}") = "tests", "tests", "{02EA681E-C7D8-13C7-8484-4AC65E1B71E8}"
EndProject
Project("{FAE04EC0-301F-11D3-BF4B-00C04F79EFBC}") = "Kvblog.Client.Razor.Tests", "kvblog.client.razor.tests\Kvblog.Client.Razor.Tests.csproj", "{4C05E20F-87C5-E500-0790-FB2607F06D0D}"
EndProject
Project("{FAE04EC0-301F-11D3-BF4B-00C04F79EFBC}") = "Kvblog.Api.Tests", "kvblog.api.tests\Kvblog.Api.Tests.csproj", "{F280D9EB-C3A5-11E3-9B0A-3D52B34948B8}"
EndProject
Project("{FAE04EC0-301F-11D3-BF4B-00C04F79EFBC}") = "Kvblog.Api.Application", "kvblog.api.application\Kvblog.Api.Application.csproj", "{39ADA954-414E-F7FC-8732-D2C2BC3E5611}"
EndProject
Project("{FAE04EC0-301F-11D3-BF4B-00C04F79EFBC}") = "Kvblog.Api.Contracts", "kvblog.api.contracts\Kvblog.Api.Contracts.csproj", "{BE20EAC1-C216-FFD7-FEF9-1AE3F49CF3B4}"
EndProject
Global
	GlobalSection(SolutionConfigurationPlatforms) = preSolution
		Debug|Any CPU = Debug|Any CPU
		Release|Any CPU = Release|Any CPU
	EndGlobalSection
	GlobalSection(ProjectConfigurationPlatforms) = postSolution
		{8C830772-A4D6-DFE1-5846-E255C982A70C}.Debug|Any CPU.ActiveCfg = Debug|Any CPU
		{8C830772-A4D6-DFE1-5846-E255C982A70C}.Debug|Any CPU.Build.0 = Debug|Any CPU
		{8C830772-A4D6-DFE1-5846-E255C982A70C}.Release|Any CPU.ActiveCfg = Release|Any CPU
		{8C830772-A4D6-DFE1-5846-E255C982A70C}.Release|Any CPU.Build.0 = Release|Any CPU
		{368C1947-15AB-6805-FFB8-C8B1BF3B1A90}.Debug|Any CPU.ActiveCfg = Debug|Any CPU
		{368C1947-15AB-6805-FFB8-C8B1BF3B1A90}.Debug|Any CPU.Build.0 = Debug|Any CPU
		{368C1947-15AB-6805-FFB8-C8B1BF3B1A90}.Release|Any CPU.ActiveCfg = Release|Any CPU
		{368C1947-15AB-6805-FFB8-C8B1BF3B1A90}.Release|Any CPU.Build.0 = Release|Any CPU
		{EFDBA0F3-FE4B-475F-4EE1-5F8949B04AEF}.Debug|Any CPU.ActiveCfg = Debug|Any CPU
		{EFDBA0F3-FE4B-475F-4EE1-5F8949B04AEF}.Debug|Any CPU.Build.0 = Debug|Any CPU
		{EFDBA0F3-FE4B-475F-4EE1-5F8949B04AEF}.Release|Any CPU.ActiveCfg = Release|Any CPU
		{EFDBA0F3-FE4B-475F-4EE1-5F8949B04AEF}.Release|Any CPU.Build.0 = Release|Any CPU
		{4C05E20F-87C5-E500-0790-FB2607F06D0D}.Debug|Any CPU.ActiveCfg = Debug|Any CPU
		{4C05E20F-87C5-E500-0790-FB2607F06D0D}.Debug|Any CPU.Build.0 = Debug|Any CPU
		{4C05E20F-87C5-E500-0790-FB2607F06D0D}.Release|Any CPU.ActiveCfg = Release|Any CPU
		{4C05E20F-87C5-E500-0790-FB2607F06D0D}.Release|Any CPU.Build.0 = Release|Any CPU
		{F280D9EB-C3A5-11E3-9B0A-3D52B34948B8}.Debug|Any CPU.ActiveCfg = Debug|Any CPU
		{F280D9EB-C3A5-11E3-9B0A-3D52B34948B8}.Debug|Any CPU.Build.0 = Debug|Any CPU
		{F280D9EB-C3A5-11E3-9B0A-3D52B34948B8}.Release|Any CPU.ActiveCfg = Release|Any CPU
		{F280D9EB-C3A5-11E3-9B0A-3D52B34948B8}.Release|Any CPU.Build.0 = Release|Any CPU
		{39ADA954-414E-F7FC-8732-D2C2BC3E5611}.Debug|Any CPU.ActiveCfg = Debug|Any CPU
		{39ADA954-414E-F7FC-8732-D2C2BC3E5611}.Debug|Any CPU.Build.0 = Debug|Any CPU
		{39ADA954-414E-F7FC-8732-D2C2BC3E5611}.Release|Any CPU.ActiveCfg = Release|Any CPU
		{39ADA954-414E-F7FC-8732-D2C2BC3E5611}.Release|Any CPU.Build.0 = Release|Any CPU
		{BE20EAC1-C216-FFD7-FEF9-1AE3F49CF3B4}.Debug|Any CPU.ActiveCfg = Debug|Any CPU
		{BE20EAC1-C216-FFD7-FEF9-1AE3F49CF3B4}.Debug|Any CPU.Build.0 = Debug|Any CPU
		{BE20EAC1-C216-FFD7-FEF9-1AE3F49CF3B4}.Release|Any CPU.ActiveCfg = Release|Any CPU
		{BE20EAC1-C216-FFD7-FEF9-1AE3F49CF3B4}.Release|Any CPU.Build.0 = Release|Any CPU
	EndGlobalSection
	GlobalSection(SolutionProperties) = preSolution
		HideSolutionNode = FALSE
	EndGlobalSection
	GlobalSection(NestedProjects) = preSolution
		{8C830772-A4D6-DFE1-5846-E255C982A70C} = {5BB74864-9F0A-4193-BB3C-3D9E048FBCFE}
		{368C1947-15AB-6805-FFB8-C8B1BF3B1A90} = {5BB74864-9F0A-4193-BB3C-3D9E048FBCFE}
		{EFDBA0F3-FE4B-475F-4EE1-5F8949B04AEF} = {450CE392-7C9E-4FCC-A746-6F6AE17AD3AC}
		{4C05E20F-87C5-E500-0790-FB2607F06D0D} = {02EA681E-C7D8-13C7-8484-4AC65E1B71E8}
		{F280D9EB-C3A5-11E3-9B0A-3D52B34948B8} = {02EA681E-C7D8-13C7-8484-4AC65E1B71E8}
		{39ADA954-414E-F7FC-8732-D2C2BC3E5611} = {5BB74864-9F0A-4193-BB3C-3D9E048FBCFE}
		{BE20EAC1-C216-FFD7-FEF9-1AE3F49CF3B4} = {5BB74864-9F0A-4193-BB3C-3D9E048FBCFE}
	EndGlobalSection
	GlobalSection(ExtensibilityGlobals) = postSolution
		SolutionGuid = {D348507A-C929-4E89-BB21-AD51E1815D2B}
	EndGlobalSection
EndGlobal
